
Microsoft Visual Studio Solution File, Format Version 12.00
# Visual Studio Version 17
VisualStudioVersion = 17.8.34322.80
MinimumVisualStudioVersion = 10.0.40219.1
Project("{9A19103F-16F7-4668-BE54-9A1E7A4F7556}") = "ClaimApp", "ClaimApp\ClaimApp.csproj", "{EC8B0DFE-4B1B-4791-8465-0B93CDA701C1}"
EndProject
Project("{FAE04EC0-301F-11D3-BF4B-00C04F79EFBC}") = "ClaimAPI", "ClaimAPI\ClaimAPI.csproj", "{2E0B47F3-1A2C-46C9-AB46-0C76A4A9C987}"
EndProject
Global
	GlobalSection(SolutionConfigurationPlatforms) = preSolution
		Debug|Any CPU = Debug|Any CPU
		Release|Any CPU = Release|Any CPU
	EndGlobalSection
	GlobalSection(ProjectConfigurationPlatforms) = postSolution
		{EC8B0DFE-4B1B-4791-8465-0B93CDA701C1}.Debug|Any CPU.ActiveCfg = Debug|Any CPU
		{EC8B0DFE-4B1B-4791-8465-0B93CDA701C1}.Debug|Any CPU.Build.0 = Debug|Any CPU
		{EC8B0DFE-4B1B-4791-8465-0B93CDA701C1}.Release|Any CPU.ActiveCfg = Release|Any CPU
		{EC8B0DFE-4B1B-4791-8465-0B93CDA701C1}.Release|Any CPU.Build.0 = Release|Any CPU
		{2E0B47F3-1A2C-46C9-AB46-0C76A4A9C987}.Debug|Any CPU.ActiveCfg = Debug|Any CPU
		{2E0B47F3-1A2C-46C9-AB46-0C76A4A9C987}.Debug|Any CPU.Build.0 = Debug|Any CPU
		{2E0B47F3-1A2C-46C9-AB46-0C76A4A9C987}.Release|Any CPU.ActiveCfg = Release|Any CPU
		{2E0B47F3-1A2C-46C9-AB46-0C76A4A9C987}.Release|Any CPU.Build.0 = Release|Any CPU
	EndGlobalSection
	GlobalSection(SolutionProperties) = preSolution
		HideSolutionNode = FALSE
	EndGlobalSection
	GlobalSection(ExtensibilityGlobals) = postSolution
		SolutionGuid = {636125DE-F2F3-44EF-AA55-D679FC15C123}
	EndGlobalSection
EndGlobal
